// !$*UTF8*$!
{
	archiveVersion = 1;
	classes = {
	};
	objectVersion = 55;
	objects = {

/* Begin PBXBuildFile section */
		5C0F937E280D810F00652C1C /* Currencies.swift in Sources */ = {isa = PBXBuildFile; fileRef = 5C0F937D280D810F00652C1C /* Currencies.swift */; };
		5C0F9386280D8C3B00652C1C /* WebService.swift in Sources */ = {isa = PBXBuildFile; fileRef = 5C0F9385280D8C3B00652C1C /* WebService.swift */; };
		5C0F9388280D8ECA00652C1C /* NetworkRequest.swift in Sources */ = {isa = PBXBuildFile; fileRef = 5C0F9387280D8ECA00652C1C /* NetworkRequest.swift */; };
		5C0F938A280DA09F00652C1C /* CoinsViewModel.swift in Sources */ = {isa = PBXBuildFile; fileRef = 5C0F9389280DA09F00652C1C /* CoinsViewModel.swift */; };
		5C38F69D280EA29500DB20EF /* CoinCollectionViewCell.swift in Sources */ = {isa = PBXBuildFile; fileRef = 5C38F69B280EA29500DB20EF /* CoinCollectionViewCell.swift */; };
		5C38F69E280EA29500DB20EF /* CoinCollectionViewCell.xib in Resources */ = {isa = PBXBuildFile; fileRef = 5C38F69C280EA29500DB20EF /* CoinCollectionViewCell.xib */; };
		5C38F6A1280EDE4900DB20EF /* UIImageView+Extension.swift in Sources */ = {isa = PBXBuildFile; fileRef = 5C38F6A0280EDE4900DB20EF /* UIImageView+Extension.swift */; };
		5C38F6A4280EE8D600DB20EF /* Model.swift in Sources */ = {isa = PBXBuildFile; fileRef = 5C38F6A3280EE8D600DB20EF /* Model.swift */; };
		5C38F6A6280EE8FD00DB20EF /* MarketViewController.swift in Sources */ = {isa = PBXBuildFile; fileRef = 5C38F6A5280EE8FD00DB20EF /* MarketViewController.swift */; };
		5C38F6AB280EE94D00DB20EF /* MarketViewModel.swift in Sources */ = {isa = PBXBuildFile; fileRef = 5C38F6AA280EE94D00DB20EF /* MarketViewModel.swift */; };
		5C38F6AF280EEBCA00DB20EF /* MarketCollectionViewCell.swift in Sources */ = {isa = PBXBuildFile; fileRef = 5C38F6AD280EEBCA00DB20EF /* MarketCollectionViewCell.swift */; };
		5C38F6B0280EEBCA00DB20EF /* MarketCollectionViewCell.xib in Resources */ = {isa = PBXBuildFile; fileRef = 5C38F6AE280EEBCA00DB20EF /* MarketCollectionViewCell.xib */; };
		5CBC7389280D571500E1A6C2 /* AppDelegate.swift in Sources */ = {isa = PBXBuildFile; fileRef = 5CBC7388280D571500E1A6C2 /* AppDelegate.swift */; };
		5CBC738B280D571500E1A6C2 /* SceneDelegate.swift in Sources */ = {isa = PBXBuildFile; fileRef = 5CBC738A280D571500E1A6C2 /* SceneDelegate.swift */; };
		5CBC738D280D571500E1A6C2 /* CoinsViewController.swift in Sources */ = {isa = PBXBuildFile; fileRef = 5CBC738C280D571500E1A6C2 /* CoinsViewController.swift */; };
		5CBC7390280D571500E1A6C2 /* Main.storyboard in Resources */ = {isa = PBXBuildFile; fileRef = 5CBC738E280D571500E1A6C2 /* Main.storyboard */; };
		5CBC7392280D571500E1A6C2 /* Assets.xcassets in Resources */ = {isa = PBXBuildFile; fileRef = 5CBC7391280D571500E1A6C2 /* Assets.xcassets */; };
		5CBC7395280D571500E1A6C2 /* LaunchScreen.storyboard in Resources */ = {isa = PBXBuildFile; fileRef = 5CBC7393280D571500E1A6C2 /* LaunchScreen.storyboard */; };
		5CEEBB68280FE463001CD576 /* CurrenciesViewController.swift in Sources */ = {isa = PBXBuildFile; fileRef = 5CEEBB67280FE463001CD576 /* CurrenciesViewController.swift */; };
		5CEEBB6F280FF6C8001CD576 /* ExchangesViewController.swift in Sources */ = {isa = PBXBuildFile; fileRef = 5CEEBB6E280FF6C8001CD576 /* ExchangesViewController.swift */; };
		5CEEBB71280FF836001CD576 /* ExchangesModel.swift in Sources */ = {isa = PBXBuildFile; fileRef = 5CEEBB70280FF836001CD576 /* ExchangesModel.swift */; };
		5CEEBB73280FFB4C001CD576 /* ExchangesViewModel.swift in Sources */ = {isa = PBXBuildFile; fileRef = 5CEEBB72280FFB4C001CD576 /* ExchangesViewModel.swift */; };
		5CEEBB77280FFD6D001CD576 /* ExchangeCollectionViewCell.swift in Sources */ = {isa = PBXBuildFile; fileRef = 5CEEBB75280FFD6D001CD576 /* ExchangeCollectionViewCell.swift */; };
		5CEEBB78280FFD6D001CD576 /* ExchangeCollectionViewCell.xib in Resources */ = {isa = PBXBuildFile; fileRef = 5CEEBB76280FFD6D001CD576 /* ExchangeCollectionViewCell.xib */; };
		5CEEBB7C28102EC6001CD576 /* NewsCollectionViewCell.swift in Sources */ = {isa = PBXBuildFile; fileRef = 5CEEBB7A28102EC5001CD576 /* NewsCollectionViewCell.swift */; };
		5CEEBB7D28102EC6001CD576 /* NewsCollectionViewCell.xib in Resources */ = {isa = PBXBuildFile; fileRef = 5CEEBB7B28102EC6001CD576 /* NewsCollectionViewCell.xib */; };
		5CEEBB822810414B001CD576 /* DescriptionViewController.swift in Sources */ = {isa = PBXBuildFile; fileRef = 5CEEBB812810414B001CD576 /* DescriptionViewController.swift */; };
		5CEEBB872810447B001CD576 /* DescriptionTableViewCell.swift in Sources */ = {isa = PBXBuildFile; fileRef = 5CEEBB852810447B001CD576 /* DescriptionTableViewCell.swift */; };
		5CEEBB882810447B001CD576 /* DescriptionTableViewCell.xib in Resources */ = {isa = PBXBuildFile; fileRef = 5CEEBB862810447B001CD576 /* DescriptionTableViewCell.xib */; };
		5CF6A645280F29B000E8806B /* NewsModel.swift in Sources */ = {isa = PBXBuildFile; fileRef = 5CF6A644280F29B000E8806B /* NewsModel.swift */; };
		5CF6A647280F29C200E8806B /* NewsViewModel.swift in Sources */ = {isa = PBXBuildFile; fileRef = 5CF6A646280F29C200E8806B /* NewsViewModel.swift */; };
		5CF6A649280F29E400E8806B /* NewsViewController.swift in Sources */ = {isa = PBXBuildFile; fileRef = 5CF6A648280F29E400E8806B /* NewsViewController.swift */; };
		5CFD82C32810ABF300AE9370 /* CurrencyModel.swift in Sources */ = {isa = PBXBuildFile; fileRef = 5CFD82C22810ABF200AE9370 /* CurrencyModel.swift */; };
		5CFD82C52810AC0A00AE9370 /* CurrencyViewModel.swift in Sources */ = {isa = PBXBuildFile; fileRef = 5CFD82C42810AC0A00AE9370 /* CurrencyViewModel.swift */; };
		5CFD82C92810AF7300AE9370 /* CurrencyCollectionViewCell.swift in Sources */ = {isa = PBXBuildFile; fileRef = 5CFD82C72810AF7300AE9370 /* CurrencyCollectionViewCell.swift */; };
		5CFD82CA2810AF7300AE9370 /* CurrencyCollectionViewCell.xib in Resources */ = {isa = PBXBuildFile; fileRef = 5CFD82C82810AF7300AE9370 /* CurrencyCollectionViewCell.xib */; };
		9248F7054F1EA771CDD9381B /* Pods_Task2.framework in Frameworks */ = {isa = PBXBuildFile; fileRef = DF1EE2DC1C2B3F557C074EDA /* Pods_Task2.framework */; };
/* End PBXBuildFile section */

/* Begin PBXFileReference section */
		1D63B7467CA90DB23E7A46AE /* Pods-Task2.release.xcconfig */ = {isa = PBXFileReference; includeInIndex = 1; lastKnownFileType = text.xcconfig; name = "Pods-Task2.release.xcconfig"; path = "Target Support Files/Pods-Task2/Pods-Task2.release.xcconfig"; sourceTree = "<group>"; };
		5C0F937D280D810F00652C1C /* Currencies.swift */ = {isa = PBXFileReference; lastKnownFileType = sourcecode.swift; path = Currencies.swift; sourceTree = "<group>"; };
		5C0F9385280D8C3B00652C1C /* WebService.swift */ = {isa = PBXFileReference; lastKnownFileType = sourcecode.swift; path = WebService.swift; sourceTree = "<group>"; };
		5C0F9387280D8ECA00652C1C /* NetworkRequest.swift */ = {isa = PBXFileReference; lastKnownFileType = sourcecode.swift; path = NetworkRequest.swift; sourceTree = "<group>"; };
		5C0F9389280DA09F00652C1C /* CoinsViewModel.swift */ = {isa = PBXFileReference; lastKnownFileType = sourcecode.swift; path = CoinsViewModel.swift; sourceTree = "<group>"; };
		5C38F69B280EA29500DB20EF /* CoinCollectionViewCell.swift */ = {isa = PBXFileReference; lastKnownFileType = sourcecode.swift; path = CoinCollectionViewCell.swift; sourceTree = "<group>"; };
		5C38F69C280EA29500DB20EF /* CoinCollectionViewCell.xib */ = {isa = PBXFileReference; lastKnownFileType = file.xib; path = CoinCollectionViewCell.xib; sourceTree = "<group>"; };
		5C38F6A0280EDE4900DB20EF /* UIImageView+Extension.swift */ = {isa = PBXFileReference; lastKnownFileType = sourcecode.swift; path = "UIImageView+Extension.swift"; sourceTree = "<group>"; };
		5C38F6A3280EE8D600DB20EF /* Model.swift */ = {isa = PBXFileReference; lastKnownFileType = sourcecode.swift; path = Model.swift; sourceTree = "<group>"; };
		5C38F6A5280EE8FD00DB20EF /* MarketViewController.swift */ = {isa = PBXFileReference; lastKnownFileType = sourcecode.swift; path = MarketViewController.swift; sourceTree = "<group>"; };
		5C38F6AA280EE94D00DB20EF /* MarketViewModel.swift */ = {isa = PBXFileReference; lastKnownFileType = sourcecode.swift; path = MarketViewModel.swift; sourceTree = "<group>"; };
		5C38F6AD280EEBCA00DB20EF /* MarketCollectionViewCell.swift */ = {isa = PBXFileReference; lastKnownFileType = sourcecode.swift; path = MarketCollectionViewCell.swift; sourceTree = "<group>"; };
		5C38F6AE280EEBCA00DB20EF /* MarketCollectionViewCell.xib */ = {isa = PBXFileReference; lastKnownFileType = file.xib; path = MarketCollectionViewCell.xib; sourceTree = "<group>"; };
		5CBC7385280D571500E1A6C2 /* Task2.app */ = {isa = PBXFileReference; explicitFileType = wrapper.application; includeInIndex = 0; path = Task2.app; sourceTree = BUILT_PRODUCTS_DIR; };
		5CBC7388280D571500E1A6C2 /* AppDelegate.swift */ = {isa = PBXFileReference; lastKnownFileType = sourcecode.swift; path = AppDelegate.swift; sourceTree = "<group>"; };
		5CBC738A280D571500E1A6C2 /* SceneDelegate.swift */ = {isa = PBXFileReference; lastKnownFileType = sourcecode.swift; path = SceneDelegate.swift; sourceTree = "<group>"; };
		5CBC738C280D571500E1A6C2 /* CoinsViewController.swift */ = {isa = PBXFileReference; lastKnownFileType = sourcecode.swift; path = CoinsViewController.swift; sourceTree = "<group>"; };
		5CBC738F280D571500E1A6C2 /* Base */ = {isa = PBXFileReference; lastKnownFileType = file.storyboard; name = Base; path = Base.lproj/Main.storyboard; sourceTree = "<group>"; };
		5CBC7391280D571500E1A6C2 /* Assets.xcassets */ = {isa = PBXFileReference; lastKnownFileType = folder.assetcatalog; path = Assets.xcassets; sourceTree = "<group>"; };
		5CBC7394280D571500E1A6C2 /* Base */ = {isa = PBXFileReference; lastKnownFileType = file.storyboard; name = Base; path = Base.lproj/LaunchScreen.storyboard; sourceTree = "<group>"; };
		5CBC7396280D571500E1A6C2 /* Info.plist */ = {isa = PBXFileReference; lastKnownFileType = text.plist.xml; path = Info.plist; sourceTree = "<group>"; };
		5CEEBB67280FE463001CD576 /* CurrenciesViewController.swift */ = {isa = PBXFileReference; lastKnownFileType = sourcecode.swift; path = CurrenciesViewController.swift; sourceTree = "<group>"; };
		5CEEBB6E280FF6C8001CD576 /* ExchangesViewController.swift */ = {isa = PBXFileReference; lastKnownFileType = sourcecode.swift; path = ExchangesViewController.swift; sourceTree = "<group>"; };
		5CEEBB70280FF836001CD576 /* ExchangesModel.swift */ = {isa = PBXFileReference; lastKnownFileType = sourcecode.swift; path = ExchangesModel.swift; sourceTree = "<group>"; };
		5CEEBB72280FFB4C001CD576 /* ExchangesViewModel.swift */ = {isa = PBXFileReference; lastKnownFileType = sourcecode.swift; path = ExchangesViewModel.swift; sourceTree = "<group>"; };
		5CEEBB75280FFD6D001CD576 /* ExchangeCollectionViewCell.swift */ = {isa = PBXFileReference; lastKnownFileType = sourcecode.swift; path = ExchangeCollectionViewCell.swift; sourceTree = "<group>"; };
		5CEEBB76280FFD6D001CD576 /* ExchangeCollectionViewCell.xib */ = {isa = PBXFileReference; lastKnownFileType = file.xib; path = ExchangeCollectionViewCell.xib; sourceTree = "<group>"; };
		5CEEBB7A28102EC5001CD576 /* NewsCollectionViewCell.swift */ = {isa = PBXFileReference; lastKnownFileType = sourcecode.swift; path = NewsCollectionViewCell.swift; sourceTree = "<group>"; };
		5CEEBB7B28102EC6001CD576 /* NewsCollectionViewCell.xib */ = {isa = PBXFileReference; lastKnownFileType = file.xib; path = NewsCollectionViewCell.xib; sourceTree = "<group>"; };
		5CEEBB812810414B001CD576 /* DescriptionViewController.swift */ = {isa = PBXFileReference; lastKnownFileType = sourcecode.swift; path = DescriptionViewController.swift; sourceTree = "<group>"; };
		5CEEBB852810447B001CD576 /* DescriptionTableViewCell.swift */ = {isa = PBXFileReference; lastKnownFileType = sourcecode.swift; path = DescriptionTableViewCell.swift; sourceTree = "<group>"; };
		5CEEBB862810447B001CD576 /* DescriptionTableViewCell.xib */ = {isa = PBXFileReference; lastKnownFileType = file.xib; path = DescriptionTableViewCell.xib; sourceTree = "<group>"; };
		5CF6A644280F29B000E8806B /* NewsModel.swift */ = {isa = PBXFileReference; lastKnownFileType = sourcecode.swift; path = NewsModel.swift; sourceTree = "<group>"; };
		5CF6A646280F29C200E8806B /* NewsViewModel.swift */ = {isa = PBXFileReference; lastKnownFileType = sourcecode.swift; path = NewsViewModel.swift; sourceTree = "<group>"; };
		5CF6A648280F29E400E8806B /* NewsViewController.swift */ = {isa = PBXFileReference; lastKnownFileType = sourcecode.swift; path = NewsViewController.swift; sourceTree = "<group>"; };
		5CFD82C22810ABF200AE9370 /* CurrencyModel.swift */ = {isa = PBXFileReference; lastKnownFileType = sourcecode.swift; path = CurrencyModel.swift; sourceTree = "<group>"; };
		5CFD82C42810AC0A00AE9370 /* CurrencyViewModel.swift */ = {isa = PBXFileReference; lastKnownFileType = sourcecode.swift; path = CurrencyViewModel.swift; sourceTree = "<group>"; };
		5CFD82C72810AF7300AE9370 /* CurrencyCollectionViewCell.swift */ = {isa = PBXFileReference; lastKnownFileType = sourcecode.swift; path = CurrencyCollectionViewCell.swift; sourceTree = "<group>"; };
		5CFD82C82810AF7300AE9370 /* CurrencyCollectionViewCell.xib */ = {isa = PBXFileReference; lastKnownFileType = file.xib; path = CurrencyCollectionViewCell.xib; sourceTree = "<group>"; };
		7DA4FCFAD97F32A385FDE204 /* Pods-Task2.debug.xcconfig */ = {isa = PBXFileReference; includeInIndex = 1; lastKnownFileType = text.xcconfig; name = "Pods-Task2.debug.xcconfig"; path = "Target Support Files/Pods-Task2/Pods-Task2.debug.xcconfig"; sourceTree = "<group>"; };
		DF1EE2DC1C2B3F557C074EDA /* Pods_Task2.framework */ = {isa = PBXFileReference; explicitFileType = wrapper.framework; includeInIndex = 0; path = Pods_Task2.framework; sourceTree = BUILT_PRODUCTS_DIR; };
/* End PBXFileReference section */

/* Begin PBXFrameworksBuildPhase section */
		5CBC7382280D571500E1A6C2 /* Frameworks */ = {
			isa = PBXFrameworksBuildPhase;
			buildActionMask = 2147483647;
			files = (
				9248F7054F1EA771CDD9381B /* Pods_Task2.framework in Frameworks */,
			);
			runOnlyForDeploymentPostprocessing = 0;
		};
/* End PBXFrameworksBuildPhase section */

/* Begin PBXGroup section */
		5C0F937F280D81D400652C1C /* Cell */ = {
			isa = PBXGroup;
			children = (
				5C38F69B280EA29500DB20EF /* CoinCollectionViewCell.swift */,
				5C38F69C280EA29500DB20EF /* CoinCollectionViewCell.xib */,
			);
			path = Cell;
			sourceTree = "<group>";
		};
		5C0F9384280D8C2700652C1C /* Service */ = {
			isa = PBXGroup;
			children = (
				5C0F9385280D8C3B00652C1C /* WebService.swift */,
				5C0F9387280D8ECA00652C1C /* NetworkRequest.swift */,
			);
			path = Service;
			sourceTree = "<group>";
		};
		5C38F69F280EDE3600DB20EF /* Helper */ = {
			isa = PBXGroup;
			children = (
				5C38F6A0280EDE4900DB20EF /* UIImageView+Extension.swift */,
			);
			path = Helper;
			sourceTree = "<group>";
		};
		5C38F6A2280EE8AF00DB20EF /* Market Module */ = {
			isa = PBXGroup;
			children = (
				5C38F6A7280EE90800DB20EF /* Model */,
				5C38F6A8280EE91600DB20EF /* View */,
				5C38F6A9280EE93500DB20EF /* ViewModel */,
			);
			path = "Market Module";
			sourceTree = "<group>";
		};
		5C38F6A7280EE90800DB20EF /* Model */ = {
			isa = PBXGroup;
			children = (
				5C38F6A3280EE8D600DB20EF /* Model.swift */,
			);
			path = Model;
			sourceTree = "<group>";
		};
		5C38F6A8280EE91600DB20EF /* View */ = {
			isa = PBXGroup;
			children = (
				5C38F6AC280EEBB100DB20EF /* cell */,
				5C38F6A5280EE8FD00DB20EF /* MarketViewController.swift */,
			);
			path = View;
			sourceTree = "<group>";
		};
		5C38F6A9280EE93500DB20EF /* ViewModel */ = {
			isa = PBXGroup;
			children = (
				5C38F6AA280EE94D00DB20EF /* MarketViewModel.swift */,
			);
			path = ViewModel;
			sourceTree = "<group>";
		};
		5C38F6AC280EEBB100DB20EF /* cell */ = {
			isa = PBXGroup;
			children = (
				5C38F6AD280EEBCA00DB20EF /* MarketCollectionViewCell.swift */,
				5C38F6AE280EEBCA00DB20EF /* MarketCollectionViewCell.xib */,
			);
			path = cell;
			sourceTree = "<group>";
		};
		5C3930C7280FE29F00415CAB /* CurrenciesModule */ = {
			isa = PBXGroup;
			children = (
				5CEEBB69280FE6DE001CD576 /* Model */,
				5C3930C9280FE2C600415CAB /* View */,
				5C3930C8280FE2B400415CAB /* ViewModel */,
			);
			path = CurrenciesModule;
			sourceTree = "<group>";
		};
		5C3930C8280FE2B400415CAB /* ViewModel */ = {
			isa = PBXGroup;
			children = (
				5CFD82C42810AC0A00AE9370 /* CurrencyViewModel.swift */,
			);
			path = ViewModel;
			sourceTree = "<group>";
		};
		5C3930C9280FE2C600415CAB /* View */ = {
			isa = PBXGroup;
			children = (
				5CFD82C62810AF5500AE9370 /* cell */,
				5CEEBB67280FE463001CD576 /* CurrenciesViewController.swift */,
			);
			path = View;
			sourceTree = "<group>";
		};
		5CBC737C280D571400E1A6C2 = {
			isa = PBXGroup;
			children = (
				5CBC7387280D571500E1A6C2 /* Task2 */,
				5CBC7386280D571500E1A6C2 /* Products */,
				F0452BDAC414B5F2ED05A52A /* Pods */,
				C8775FADF0F2CB25797B0483 /* Frameworks */,
			);
			sourceTree = "<group>";
		};
		5CBC7386280D571500E1A6C2 /* Products */ = {
			isa = PBXGroup;
			children = (
				5CBC7385280D571500E1A6C2 /* Task2.app */,
			);
			name = Products;
			sourceTree = "<group>";
		};
		5CBC7387280D571500E1A6C2 /* Task2 */ = {
			isa = PBXGroup;
			children = (
				5CBC7388280D571500E1A6C2 /* AppDelegate.swift */,
				5CBC738A280D571500E1A6C2 /* SceneDelegate.swift */,
				5C38F69F280EDE3600DB20EF /* Helper */,
				5C0F9384280D8C2700652C1C /* Service */,
				5CBC739D280D573700E1A6C2 /* Coin Module */,
				5CEEBB6A280FF68F001CD576 /* ExchangeModule */,
				5C38F6A2280EE8AF00DB20EF /* Market Module */,
				5CF6A640280F296900E8806B /* News Module */,
				5C3930C7280FE29F00415CAB /* CurrenciesModule */,
				5CBC738E280D571500E1A6C2 /* Main.storyboard */,
				5CBC7391280D571500E1A6C2 /* Assets.xcassets */,
				5CBC7393280D571500E1A6C2 /* LaunchScreen.storyboard */,
				5CBC7396280D571500E1A6C2 /* Info.plist */,
			);
			path = Task2;
			sourceTree = "<group>";
		};
		5CBC739C280D572A00E1A6C2 /* ViewModel */ = {
			isa = PBXGroup;
			children = (
				5C0F9389280DA09F00652C1C /* CoinsViewModel.swift */,
			);
			path = ViewModel;
			sourceTree = "<group>";
		};
		5CBC739D280D573700E1A6C2 /* Coin Module */ = {
			isa = PBXGroup;
			children = (
				5CBC739E280D576D00E1A6C2 /* Model */,
				5CBC739F280D577200E1A6C2 /* View */,
				5CBC739C280D572A00E1A6C2 /* ViewModel */,
			);
			path = "Coin Module";
			sourceTree = "<group>";
		};
		5CBC739E280D576D00E1A6C2 /* Model */ = {
			isa = PBXGroup;
			children = (
				5C0F937D280D810F00652C1C /* Currencies.swift */,
			);
			path = Model;
			sourceTree = "<group>";
		};
		5CBC739F280D577200E1A6C2 /* View */ = {
			isa = PBXGroup;
			children = (
				5C0F937F280D81D400652C1C /* Cell */,
				5CBC738C280D571500E1A6C2 /* CoinsViewController.swift */,
			);
			path = View;
			sourceTree = "<group>";
		};
		5CEEBB69280FE6DE001CD576 /* Model */ = {
			isa = PBXGroup;
			children = (
				5CFD82C22810ABF200AE9370 /* CurrencyModel.swift */,
			);
			path = Model;
			sourceTree = "<group>";
		};
		5CEEBB6A280FF68F001CD576 /* ExchangeModule */ = {
			isa = PBXGroup;
			children = (
				5CEEBB6D280FF6AD001CD576 /* ViewModel */,
				5CEEBB6C280FF6A7001CD576 /* View */,
				5CEEBB6B280FF6A0001CD576 /* Model */,
			);
			path = ExchangeModule;
			sourceTree = "<group>";
		};
		5CEEBB6B280FF6A0001CD576 /* Model */ = {
			isa = PBXGroup;
			children = (
				5CEEBB70280FF836001CD576 /* ExchangesModel.swift */,
			);
			path = Model;
			sourceTree = "<group>";
		};
		5CEEBB6C280FF6A7001CD576 /* View */ = {
			isa = PBXGroup;
			children = (
				5CEEBB74280FFD52001CD576 /* cell */,
				5CEEBB6E280FF6C8001CD576 /* ExchangesViewController.swift */,
			);
			path = View;
			sourceTree = "<group>";
		};
		5CEEBB6D280FF6AD001CD576 /* ViewModel */ = {
			isa = PBXGroup;
			children = (
				5CEEBB72280FFB4C001CD576 /* ExchangesViewModel.swift */,
			);
			path = ViewModel;
			sourceTree = "<group>";
		};
		5CEEBB74280FFD52001CD576 /* cell */ = {
			isa = PBXGroup;
			children = (
				5CEEBB75280FFD6D001CD576 /* ExchangeCollectionViewCell.swift */,
				5CEEBB76280FFD6D001CD576 /* ExchangeCollectionViewCell.xib */,
			);
			path = cell;
			sourceTree = "<group>";
		};
		5CEEBB7928102EB3001CD576 /* cell */ = {
			isa = PBXGroup;
			children = (
				5CEEBB7A28102EC5001CD576 /* NewsCollectionViewCell.swift */,
				5CEEBB7B28102EC6001CD576 /* NewsCollectionViewCell.xib */,
			);
			path = cell;
			sourceTree = "<group>";
		};
		5CEEBB7E281040F4001CD576 /* NewsDescription */ = {
			isa = PBXGroup;
			children = (
				5CEEBB7F28104116001CD576 /* View */,
			);
			path = NewsDescription;
			sourceTree = "<group>";
		};
		5CEEBB7F28104116001CD576 /* View */ = {
			isa = PBXGroup;
			children = (
				5CEEBB8328104446001CD576 /* cell */,
				5CEEBB812810414B001CD576 /* DescriptionViewController.swift */,
			);
			path = View;
			sourceTree = "<group>";
		};
		5CEEBB8328104446001CD576 /* cell */ = {
			isa = PBXGroup;
			children = (
				5CEEBB852810447B001CD576 /* DescriptionTableViewCell.swift */,
				5CEEBB862810447B001CD576 /* DescriptionTableViewCell.xib */,
			);
			path = cell;
			sourceTree = "<group>";
		};
		5CF6A640280F296900E8806B /* News Module */ = {
			isa = PBXGroup;
			children = (
				5CFD82CC2811367000AE9370 /* NewList */,
				5CEEBB7E281040F4001CD576 /* NewsDescription */,
			);
			path = "News Module";
			sourceTree = "<group>";
		};
		5CF6A641280F297900E8806B /* Model */ = {
			isa = PBXGroup;
			children = (
				5CF6A644280F29B000E8806B /* NewsModel.swift */,
			);
			path = Model;
			sourceTree = "<group>";
		};
		5CF6A642280F298000E8806B /* View */ = {
			isa = PBXGroup;
			children = (
				5CEEBB7928102EB3001CD576 /* cell */,
				5CF6A648280F29E400E8806B /* NewsViewController.swift */,
			);
			path = View;
			sourceTree = "<group>";
		};
		5CF6A643280F298500E8806B /* ViewModel */ = {
			isa = PBXGroup;
			children = (
				5CF6A646280F29C200E8806B /* NewsViewModel.swift */,
			);
			path = ViewModel;
			sourceTree = "<group>";
		};
		5CFD82C62810AF5500AE9370 /* cell */ = {
			isa = PBXGroup;
			children = (
				5CFD82C72810AF7300AE9370 /* CurrencyCollectionViewCell.swift */,
				5CFD82C82810AF7300AE9370 /* CurrencyCollectionViewCell.xib */,
			);
			path = cell;
			sourceTree = "<group>";
		};
		5CFD82CC2811367000AE9370 /* NewList */ = {
			isa = PBXGroup;
			children = (
				5CF6A641280F297900E8806B /* Model */,
				5CF6A642280F298000E8806B /* View */,
				5CF6A643280F298500E8806B /* ViewModel */,
			);
			path = NewList;
			sourceTree = "<group>";
		};
		C8775FADF0F2CB25797B0483 /* Frameworks */ = {
			isa = PBXGroup;
			children = (
				DF1EE2DC1C2B3F557C074EDA /* Pods_Task2.framework */,
			);
			name = Frameworks;
			sourceTree = "<group>";
		};
		F0452BDAC414B5F2ED05A52A /* Pods */ = {
			isa = PBXGroup;
			children = (
				7DA4FCFAD97F32A385FDE204 /* Pods-Task2.debug.xcconfig */,
				1D63B7467CA90DB23E7A46AE /* Pods-Task2.release.xcconfig */,
			);
			path = Pods;
			sourceTree = "<group>";
		};
/* End PBXGroup section */

/* Begin PBXNativeTarget section */
		5CBC7384280D571500E1A6C2 /* Task2 */ = {
			isa = PBXNativeTarget;
			buildConfigurationList = 5CBC7399280D571500E1A6C2 /* Build configuration list for PBXNativeTarget "Task2" */;
			buildPhases = (
				1E0664F020264DC5FF93E3B9 /* [CP] Check Pods Manifest.lock */,
				5CBC7381280D571500E1A6C2 /* Sources */,
				5CBC7382280D571500E1A6C2 /* Frameworks */,
				5CBC7383280D571500E1A6C2 /* Resources */,
				129FCA9F872E27D27C27EC18 /* [CP] Embed Pods Frameworks */,
			);
			buildRules = (
			);
			dependencies = (
			);
			name = Task2;
			productName = Task2;
			productReference = 5CBC7385280D571500E1A6C2 /* Task2.app */;
			productType = "com.apple.product-type.application";
		};
/* End PBXNativeTarget section */

/* Begin PBXProject section */
		5CBC737D280D571400E1A6C2 /* Project object */ = {
			isa = PBXProject;
			attributes = {
				BuildIndependentTargetsInParallel = 1;
				LastSwiftUpdateCheck = 1330;
				LastUpgradeCheck = 1330;
				TargetAttributes = {
					5CBC7384280D571500E1A6C2 = {
						CreatedOnToolsVersion = 13.3.1;
					};
				};
			};
			buildConfigurationList = 5CBC7380280D571400E1A6C2 /* Build configuration list for PBXProject "Task2" */;
			compatibilityVersion = "Xcode 13.0";
			developmentRegion = en;
			hasScannedForEncodings = 0;
			knownRegions = (
				en,
				Base,
			);
			mainGroup = 5CBC737C280D571400E1A6C2;
			productRefGroup = 5CBC7386280D571500E1A6C2 /* Products */;
			projectDirPath = "";
			projectRoot = "";
			targets = (
				5CBC7384280D571500E1A6C2 /* Task2 */,
			);
		};
/* End PBXProject section */

/* Begin PBXResourcesBuildPhase section */
		5CBC7383280D571500E1A6C2 /* Resources */ = {
			isa = PBXResourcesBuildPhase;
			buildActionMask = 2147483647;
			files = (
				5CEEBB7D28102EC6001CD576 /* NewsCollectionViewCell.xib in Resources */,
				5CBC7395280D571500E1A6C2 /* LaunchScreen.storyboard in Resources */,
				5CBC7392280D571500E1A6C2 /* Assets.xcassets in Resources */,
				5CBC7390280D571500E1A6C2 /* Main.storyboard in Resources */,
				5CEEBB882810447B001CD576 /* DescriptionTableViewCell.xib in Resources */,
				5CEEBB78280FFD6D001CD576 /* ExchangeCollectionViewCell.xib in Resources */,
				5C38F6B0280EEBCA00DB20EF /* MarketCollectionViewCell.xib in Resources */,
				5CFD82CA2810AF7300AE9370 /* CurrencyCollectionViewCell.xib in Resources */,
				5C38F69E280EA29500DB20EF /* CoinCollectionViewCell.xib in Resources */,
			);
			runOnlyForDeploymentPostprocessing = 0;
		};
/* End PBXResourcesBuildPhase section */

/* Begin PBXShellScriptBuildPhase section */
		129FCA9F872E27D27C27EC18 /* [CP] Embed Pods Frameworks */ = {
			isa = PBXShellScriptBuildPhase;
			buildActionMask = 2147483647;
			files = (
			);
			inputFileListPaths = (
				"${PODS_ROOT}/Target Support Files/Pods-Task2/Pods-Task2-frameworks-${CONFIGURATION}-input-files.xcfilelist",
			);
			name = "[CP] Embed Pods Frameworks";
			outputFileListPaths = (
				"${PODS_ROOT}/Target Support Files/Pods-Task2/Pods-Task2-frameworks-${CONFIGURATION}-output-files.xcfilelist",
			);
			runOnlyForDeploymentPostprocessing = 0;
			shellPath = /bin/sh;
			shellScript = "\"${PODS_ROOT}/Target Support Files/Pods-Task2/Pods-Task2-frameworks.sh\"\n";
			showEnvVarsInLog = 0;
		};
		1E0664F020264DC5FF93E3B9 /* [CP] Check Pods Manifest.lock */ = {
			isa = PBXShellScriptBuildPhase;
			buildActionMask = 2147483647;
			files = (
			);
			inputFileListPaths = (
			);
			inputPaths = (
				"${PODS_PODFILE_DIR_PATH}/Podfile.lock",
				"${PODS_ROOT}/Manifest.lock",
			);
			name = "[CP] Check Pods Manifest.lock";
			outputFileListPaths = (
			);
			outputPaths = (
				"$(DERIVED_FILE_DIR)/Pods-Task2-checkManifestLockResult.txt",
			);
			runOnlyForDeploymentPostprocessing = 0;
			shellPath = /bin/sh;
			shellScript = "diff \"${PODS_PODFILE_DIR_PATH}/Podfile.lock\" \"${PODS_ROOT}/Manifest.lock\" > /dev/null\nif [ $? != 0 ] ; then\n    # print error to STDERR\n    echo \"error: The sandbox is not in sync with the Podfile.lock. Run 'pod install' or update your CocoaPods installation.\" >&2\n    exit 1\nfi\n# This output is used by Xcode 'outputs' to avoid re-running this script phase.\necho \"SUCCESS\" > \"${SCRIPT_OUTPUT_FILE_0}\"\n";
			showEnvVarsInLog = 0;
		};
/* End PBXShellScriptBuildPhase section */

/* Begin PBXSourcesBuildPhase section */
		5CBC7381280D571500E1A6C2 /* Sources */ = {
			isa = PBXSourcesBuildPhase;
			buildActionMask = 2147483647;
			files = (
				5C0F9388280D8ECA00652C1C /* NetworkRequest.swift in Sources */,
				5CEEBB71280FF836001CD576 /* ExchangesModel.swift in Sources */,
				5CEEBB68280FE463001CD576 /* CurrenciesViewController.swift in Sources */,
				5CEEBB7C28102EC6001CD576 /* NewsCollectionViewCell.swift in Sources */,
				5C0F9386280D8C3B00652C1C /* WebService.swift in Sources */,
				5C0F938A280DA09F00652C1C /* CoinsViewModel.swift in Sources */,
				5CEEBB77280FFD6D001CD576 /* ExchangeCollectionViewCell.swift in Sources */,
				5C38F6A1280EDE4900DB20EF /* UIImageView+Extension.swift in Sources */,
				5CFD82C32810ABF300AE9370 /* CurrencyModel.swift in Sources */,
				5CF6A645280F29B000E8806B /* NewsModel.swift in Sources */,
				5CBC738D280D571500E1A6C2 /* CoinsViewController.swift in Sources */,
				5C38F6A4280EE8D600DB20EF /* Model.swift in Sources */,
				5CF6A647280F29C200E8806B /* NewsViewModel.swift in Sources */,
				5CBC7389280D571500E1A6C2 /* AppDelegate.swift in Sources */,
				5C0F937E280D810F00652C1C /* Currencies.swift in Sources */,
				5CBC738B280D571500E1A6C2 /* SceneDelegate.swift in Sources */,
				5CEEBB73280FFB4C001CD576 /* ExchangesViewModel.swift in Sources */,
				5CEEBB872810447B001CD576 /* DescriptionTableViewCell.swift in Sources */,
				5C38F6A6280EE8FD00DB20EF /* MarketViewController.swift in Sources */,
				5CEEBB6F280FF6C8001CD576 /* ExchangesViewController.swift in Sources */,
				5C38F69D280EA29500DB20EF /* CoinCollectionViewCell.swift in Sources */,
				5C38F6AF280EEBCA00DB20EF /* MarketCollectionViewCell.swift in Sources */,
				5C38F6AB280EE94D00DB20EF /* MarketViewModel.swift in Sources */,
				5CEEBB822810414B001CD576 /* DescriptionViewController.swift in Sources */,
				5CFD82C52810AC0A00AE9370 /* CurrencyViewModel.swift in Sources */,
				5CFD82C92810AF7300AE9370 /* CurrencyCollectionViewCell.swift in Sources */,
				5CF6A649280F29E400E8806B /* NewsViewController.swift in Sources */,
			);
			runOnlyForDeploymentPostprocessing = 0;
		};
/* End PBXSourcesBuildPhase section */

/* Begin PBXVariantGroup section */
		5CBC738E280D571500E1A6C2 /* Main.storyboard */ = {
			isa = PBXVariantGroup;
			children = (
				5CBC738F280D571500E1A6C2 /* Base */,
			);
			name = Main.storyboard;
			sourceTree = "<group>";
		};
		5CBC7393280D571500E1A6C2 /* LaunchScreen.storyboard */ = {
			isa = PBXVariantGroup;
			children = (
				5CBC7394280D571500E1A6C2 /* Base */,
			);
			name = LaunchScreen.storyboard;
			sourceTree = "<group>";
		};
/* End PBXVariantGroup section */

/* Begin XCBuildConfiguration section */
		5CBC7397280D571500E1A6C2 /* Debug */ = {
			isa = XCBuildConfiguration;
			buildSettings = {
				ALWAYS_SEARCH_USER_PATHS = NO;
				CLANG_ANALYZER_NONNULL = YES;
				CLANG_ANALYZER_NUMBER_OBJECT_CONVERSION = YES_AGGRESSIVE;
				CLANG_CXX_LANGUAGE_STANDARD = "gnu++17";
				CLANG_ENABLE_MODULES = YES;
				CLANG_ENABLE_OBJC_ARC = YES;
				CLANG_ENABLE_OBJC_WEAK = YES;
				CLANG_WARN_BLOCK_CAPTURE_AUTORELEASING = YES;
				CLANG_WARN_BOOL_CONVERSION = YES;
				CLANG_WARN_COMMA = YES;
				CLANG_WARN_CONSTANT_CONVERSION = YES;
				CLANG_WARN_DEPRECATED_OBJC_IMPLEMENTATIONS = YES;
				CLANG_WARN_DIRECT_OBJC_ISA_USAGE = YES_ERROR;
				CLANG_WARN_DOCUMENTATION_COMMENTS = YES;
				CLANG_WARN_EMPTY_BODY = YES;
				CLANG_WARN_ENUM_CONVERSION = YES;
				CLANG_WARN_INFINITE_RECURSION = YES;
				CLANG_WARN_INT_CONVERSION = YES;
				CLANG_WARN_NON_LITERAL_NULL_CONVERSION = YES;
				CLANG_WARN_OBJC_IMPLICIT_RETAIN_SELF = YES;
				CLANG_WARN_OBJC_LITERAL_CONVERSION = YES;
				CLANG_WARN_OBJC_ROOT_CLASS = YES_ERROR;
				CLANG_WARN_QUOTED_INCLUDE_IN_FRAMEWORK_HEADER = YES;
				CLANG_WARN_RANGE_LOOP_ANALYSIS = YES;
				CLANG_WARN_STRICT_PROTOTYPES = YES;
				CLANG_WARN_SUSPICIOUS_MOVE = YES;
				CLANG_WARN_UNGUARDED_AVAILABILITY = YES_AGGRESSIVE;
				CLANG_WARN_UNREACHABLE_CODE = YES;
				CLANG_WARN__DUPLICATE_METHOD_MATCH = YES;
				COPY_PHASE_STRIP = NO;
				DEBUG_INFORMATION_FORMAT = dwarf;
				ENABLE_STRICT_OBJC_MSGSEND = YES;
				ENABLE_TESTABILITY = YES;
				GCC_C_LANGUAGE_STANDARD = gnu11;
				GCC_DYNAMIC_NO_PIC = NO;
				GCC_NO_COMMON_BLOCKS = YES;
				GCC_OPTIMIZATION_LEVEL = 0;
				GCC_PREPROCESSOR_DEFINITIONS = (
					"DEBUG=1",
					"$(inherited)",
				);
				GCC_WARN_64_TO_32_BIT_CONVERSION = YES;
				GCC_WARN_ABOUT_RETURN_TYPE = YES_ERROR;
				GCC_WARN_UNDECLARED_SELECTOR = YES;
				GCC_WARN_UNINITIALIZED_AUTOS = YES_AGGRESSIVE;
				GCC_WARN_UNUSED_FUNCTION = YES;
				GCC_WARN_UNUSED_VARIABLE = YES;
				IPHONEOS_DEPLOYMENT_TARGET = 15.4;
				MTL_ENABLE_DEBUG_INFO = INCLUDE_SOURCE;
				MTL_FAST_MATH = YES;
				ONLY_ACTIVE_ARCH = YES;
				SDKROOT = iphoneos;
				SWIFT_ACTIVE_COMPILATION_CONDITIONS = DEBUG;
				SWIFT_OPTIMIZATION_LEVEL = "-Onone";
			};
			name = Debug;
		};
		5CBC7398280D571500E1A6C2 /* Release */ = {
			isa = XCBuildConfiguration;
			buildSettings = {
				ALWAYS_SEARCH_USER_PATHS = NO;
				CLANG_ANALYZER_NONNULL = YES;
				CLANG_ANALYZER_NUMBER_OBJECT_CONVERSION = YES_AGGRESSIVE;
				CLANG_CXX_LANGUAGE_STANDARD = "gnu++17";
				CLANG_ENABLE_MODULES = YES;
				CLANG_ENABLE_OBJC_ARC = YES;
				CLANG_ENABLE_OBJC_WEAK = YES;
				CLANG_WARN_BLOCK_CAPTURE_AUTORELEASING = YES;
				CLANG_WARN_BOOL_CONVERSION = YES;
				CLANG_WARN_COMMA = YES;
				CLANG_WARN_CONSTANT_CONVERSION = YES;
				CLANG_WARN_DEPRECATED_OBJC_IMPLEMENTATIONS = YES;
				CLANG_WARN_DIRECT_OBJC_ISA_USAGE = YES_ERROR;
				CLANG_WARN_DOCUMENTATION_COMMENTS = YES;
				CLANG_WARN_EMPTY_BODY = YES;
				CLANG_WARN_ENUM_CONVERSION = YES;
				CLANG_WARN_INFINITE_RECURSION = YES;
				CLANG_WARN_INT_CONVERSION = YES;
				CLANG_WARN_NON_LITERAL_NULL_CONVERSION = YES;
				CLANG_WARN_OBJC_IMPLICIT_RETAIN_SELF = YES;
				CLANG_WARN_OBJC_LITERAL_CONVERSION = YES;
				CLANG_WARN_OBJC_ROOT_CLASS = YES_ERROR;
				CLANG_WARN_QUOTED_INCLUDE_IN_FRAMEWORK_HEADER = YES;
				CLANG_WARN_RANGE_LOOP_ANALYSIS = YES;
				CLANG_WARN_STRICT_PROTOTYPES = YES;
				CLANG_WARN_SUSPICIOUS_MOVE = YES;
				CLANG_WARN_UNGUARDED_AVAILABILITY = YES_AGGRESSIVE;
				CLANG_WARN_UNREACHABLE_CODE = YES;
				CLANG_WARN__DUPLICATE_METHOD_MATCH = YES;
				COPY_PHASE_STRIP = NO;
				DEBUG_INFORMATION_FORMAT = "dwarf-with-dsym";
				ENABLE_NS_ASSERTIONS = NO;
				ENABLE_STRICT_OBJC_MSGSEND = YES;
				GCC_C_LANGUAGE_STANDARD = gnu11;
				GCC_NO_COMMON_BLOCKS = YES;
				GCC_WARN_64_TO_32_BIT_CONVERSION = YES;
				GCC_WARN_ABOUT_RETURN_TYPE = YES_ERROR;
				GCC_WARN_UNDECLARED_SELECTOR = YES;
				GCC_WARN_UNINITIALIZED_AUTOS = YES_AGGRESSIVE;
				GCC_WARN_UNUSED_FUNCTION = YES;
				GCC_WARN_UNUSED_VARIABLE = YES;
				IPHONEOS_DEPLOYMENT_TARGET = 15.4;
				MTL_ENABLE_DEBUG_INFO = NO;
				MTL_FAST_MATH = YES;
				SDKROOT = iphoneos;
				SWIFT_COMPILATION_MODE = wholemodule;
				SWIFT_OPTIMIZATION_LEVEL = "-O";
				VALIDATE_PRODUCT = YES;
			};
			name = Release;
		};
		5CBC739A280D571500E1A6C2 /* Debug */ = {
			isa = XCBuildConfiguration;
			baseConfigurationReference = 7DA4FCFAD97F32A385FDE204 /* Pods-Task2.debug.xcconfig */;
			buildSettings = {
				ASSETCATALOG_COMPILER_APPICON_NAME = AppIcon;
				ASSETCATALOG_COMPILER_GLOBAL_ACCENT_COLOR_NAME = AccentColor;
				CODE_SIGN_STYLE = Automatic;
				CURRENT_PROJECT_VERSION = 1;
				DEVELOPMENT_TEAM = X6WK5UKJ63;
				GENERATE_INFOPLIST_FILE = YES;
				INFOPLIST_FILE = Task2/Info.plist;
				INFOPLIST_KEY_CFBundleDisplayName = CryptoView;
				INFOPLIST_KEY_UIApplicationSupportsIndirectInputEvents = YES;
				INFOPLIST_KEY_UILaunchStoryboardName = LaunchScreen;
				INFOPLIST_KEY_UIMainStoryboardFile = Main;
				INFOPLIST_KEY_UISupportedInterfaceOrientations_iPad = "UIInterfaceOrientationPortrait UIInterfaceOrientationPortraitUpsideDown UIInterfaceOrientationLandscapeLeft UIInterfaceOrientationLandscapeRight";
				INFOPLIST_KEY_UISupportedInterfaceOrientations_iPhone = "UIInterfaceOrientationPortrait UIInterfaceOrientationLandscapeLeft UIInterfaceOrientationLandscapeRight";
				LD_RUNPATH_SEARCH_PATHS = (
					"$(inherited)",
					"@executable_path/Frameworks",
				);
				MARKETING_VERSION = 1.0;
				PRODUCT_BUNDLE_IDENTIFIER = com.rufan.abdurahmanov.Task2;
				PRODUCT_NAME = "$(TARGET_NAME)";
				SWIFT_EMIT_LOC_STRINGS = YES;
				SWIFT_VERSION = 5.0;
				TARGETED_DEVICE_FAMILY = "1,2";
			};
			name = Debug;
		};
		5CBC739B280D571500E1A6C2 /* Release */ = {
			isa = XCBuildConfiguration;
			baseConfigurationReference = 1D63B7467CA90DB23E7A46AE /* Pods-Task2.release.xcconfig */;
			buildSettings = {
				ASSETCATALOG_COMPILER_APPICON_NAME = AppIcon;
				ASSETCATALOG_COMPILER_GLOBAL_ACCENT_COLOR_NAME = AccentColor;
				CODE_SIGN_STYLE = Automatic;
				CURRENT_PROJECT_VERSION = 1;
				DEVELOPMENT_TEAM = X6WK5UKJ63;
				GENERATE_INFOPLIST_FILE = YES;
				INFOPLIST_FILE = Task2/Info.plist;
				INFOPLIST_KEY_CFBundleDisplayName = CryptoView;
				INFOPLIST_KEY_UIApplicationSupportsIndirectInputEvents = YES;
				INFOPLIST_KEY_UILaunchStoryboardName = LaunchScreen;
				INFOPLIST_KEY_UIMainStoryboardFile = Main;
				INFOPLIST_KEY_UISupportedInterfaceOrientations_iPad = "UIInterfaceOrientationPortrait UIInterfaceOrientationPortraitUpsideDown UIInterfaceOrientationLandscapeLeft UIInterfaceOrientationLandscapeRight";
				INFOPLIST_KEY_UISupportedInterfaceOrientations_iPhone = "UIInterfaceOrientationPortrait UIInterfaceOrientationLandscapeLeft UIInterfaceOrientationLandscapeRight";
				LD_RUNPATH_SEARCH_PATHS = (
					"$(inherited)",
					"@executable_path/Frameworks",
				);
				MARKETING_VERSION = 1.0;
				PRODUCT_BUNDLE_IDENTIFIER = com.rufan.abdurahmanov.Task2;
				PRODUCT_NAME = "$(TARGET_NAME)";
				SWIFT_EMIT_LOC_STRINGS = YES;
				SWIFT_VERSION = 5.0;
				TARGETED_DEVICE_FAMILY = "1,2";
			};
			name = Release;
		};
/* End XCBuildConfiguration section */

/* Begin XCConfigurationList section */
		5CBC7380280D571400E1A6C2 /* Build configuration list for PBXProject "Task2" */ = {
			isa = XCConfigurationList;
			buildConfigurations = (
				5CBC7397280D571500E1A6C2 /* Debug */,
				5CBC7398280D571500E1A6C2 /* Release */,
			);
			defaultConfigurationIsVisible = 0;
			defaultConfigurationName = Release;
		};
		5CBC7399280D571500E1A6C2 /* Build configuration list for PBXNativeTarget "Task2" */ = {
			isa = XCConfigurationList;
			buildConfigurations = (
				5CBC739A280D571500E1A6C2 /* Debug */,
				5CBC739B280D571500E1A6C2 /* Release */,
			);
			defaultConfigurationIsVisible = 0;
			defaultConfigurationName = Release;
		};
/* End XCConfigurationList section */
	};
	rootObject = 5CBC737D280D571400E1A6C2 /* Project object */;
}
